
Microsoft Visual Studio Solution File, Format Version 12.00
# Visual Studio 15
VisualStudioVersion = 15.0.28307.421
MinimumVisualStudioVersion = 10.0.40219.1
Project("{FAE04EC0-301F-11D3-BF4B-00C04F79EFBC}") = "TflRoadUsers", "TflRoadUsers\TflRoadUsers.csproj", "{0C1AB0C2-E4B7-4CC7-8D03-E48275999DDF}"
EndProject
Project("{FAE04EC0-301F-11D3-BF4B-00C04F79EFBC}") = "TflRoadUsersTests", "TflRoadUsersTests\TflRoadUsersTests.csproj", "{C4C5C1F2-A6F1-451B-97B5-ECC4362816AD}"
EndProject
Global
	GlobalSection(SolutionConfigurationPlatforms) = preSolution
		Debug|Any CPU = Debug|Any CPU
		Debug|x64 = Debug|x64
		Release|Any CPU = Release|Any CPU
		Release|x64 = Release|x64
	EndGlobalSection
	GlobalSection(ProjectConfigurationPlatforms) = postSolution
		{0C1AB0C2-E4B7-4CC7-8D03-E48275999DDF}.Debug|Any CPU.ActiveCfg = Debug|Any CPU
		{0C1AB0C2-E4B7-4CC7-8D03-E48275999DDF}.Debug|Any CPU.Build.0 = Debug|Any CPU
		{0C1AB0C2-E4B7-4CC7-8D03-E48275999DDF}.Debug|x64.ActiveCfg = Debug|x64
		{0C1AB0C2-E4B7-4CC7-8D03-E48275999DDF}.Debug|x64.Build.0 = Debug|x64
		{0C1AB0C2-E4B7-4CC7-8D03-E48275999DDF}.Release|Any CPU.ActiveCfg = Release|Any CPU
		{0C1AB0C2-E4B7-4CC7-8D03-E48275999DDF}.Release|Any CPU.Build.0 = Release|Any CPU
		{0C1AB0C2-E4B7-4CC7-8D03-E48275999DDF}.Release|x64.ActiveCfg = Release|x64
		{0C1AB0C2-E4B7-4CC7-8D03-E48275999DDF}.Release|x64.Build.0 = Release|x64
		{C4C5C1F2-A6F1-451B-97B5-ECC4362816AD}.Debug|Any CPU.ActiveCfg = Debug|Any CPU
		{C4C5C1F2-A6F1-451B-97B5-ECC4362816AD}.Debug|Any CPU.Build.0 = Debug|Any CPU
		{C4C5C1F2-A6F1-451B-97B5-ECC4362816AD}.Debug|x64.ActiveCfg = Debug|Any CPU
		{C4C5C1F2-A6F1-451B-97B5-ECC4362816AD}.Debug|x64.Build.0 = Debug|Any CPU
		{C4C5C1F2-A6F1-451B-97B5-ECC4362816AD}.Release|Any CPU.ActiveCfg = Release|Any CPU
		{C4C5C1F2-A6F1-451B-97B5-ECC4362816AD}.Release|Any CPU.Build.0 = Release|Any CPU
		{C4C5C1F2-A6F1-451B-97B5-ECC4362816AD}.Release|x64.ActiveCfg = Release|Any CPU
		{C4C5C1F2-A6F1-451B-97B5-ECC4362816AD}.Release|x64.Build.0 = Release|Any CPU
	EndGlobalSection
	GlobalSection(SolutionProperties) = preSolution
		HideSolutionNode = FALSE
	EndGlobalSection
	GlobalSection(ExtensibilityGlobals) = postSolution
		SolutionGuid = {30104FFD-F437-41FF-950F-E693634B490D}
	EndGlobalSection
EndGlobal
